
Microsoft Visual Studio Solution File, Format Version 12.00
# Visual Studio Version 17
VisualStudioVersion = 17.13.35825.156
MinimumVisualStudioVersion = 10.0.40219.1
Project("{FAE04EC0-301F-11D3-BF4B-00C04F79EFBC}") = "MyCloset.Frontend.MAUI", "MyCloset.Frontend.MAUI\MyCloset.Frontend.MAUI.csproj", "{EC08F805-12E8-4DF9-B0B7-6A8C8FED84E2}"
EndProject
Project("{FAE04EC0-301F-11D3-BF4B-00C04F79EFBC}") = "MyCloset.Backend.Domain", "MyCloset.Backend.Domain\MyCloset.Backend.Domain.csproj", "{B1FCDC80-2EB1-481F-9C5F-4764DB743B89}"
EndProject
Project("{FAE04EC0-301F-11D3-BF4B-00C04F79EFBC}") = "MyCloset.Backend.Infrastructure", "MyCloset.Backend.Repository\MyCloset.Backend.Infrastructure.csproj", "{DD29AEA6-26BB-4048-93EB-1F72FEF689D2}"
EndProject
Project("{FAE04EC0-301F-11D3-BF4B-00C04F79EFBC}") = "MyCloset.Backend.Application", "MyCloset.Backend.Application\MyCloset.Backend.Application.csproj", "{AE0F1DE6-BE6F-4CA3-B519-9E0808DB211F}"
EndProject
Project("{FAE04EC0-301F-11D3-BF4B-00C04F79EFBC}") = "MyCloset.Backend.WebAPI", "MyCloset.Backend.WebAPI\MyCloset.Backend.WebAPI.csproj", "{BCADA828-12B1-4FD6-A628-20268AFD5BFA}"
EndProject
Project("{FAE04EC0-301F-11D3-BF4B-00C04F79EFBC}") = "MyCloset.Frontend.Blazor", "..\MyCloset.Frontend.Blazor\MyCloset.Frontend.Blazor.csproj", "{C767B7FD-06E3-4082-A1BC-289F0FBD2101}"
EndProject
Global
	GlobalSection(SolutionConfigurationPlatforms) = preSolution
		Debug|Any CPU = Debug|Any CPU
		Release|Any CPU = Release|Any CPU
	EndGlobalSection
	GlobalSection(ProjectConfigurationPlatforms) = postSolution
		{EC08F805-12E8-4DF9-B0B7-6A8C8FED84E2}.Debug|Any CPU.ActiveCfg = Debug|Any CPU
		{EC08F805-12E8-4DF9-B0B7-6A8C8FED84E2}.Debug|Any CPU.Build.0 = Debug|Any CPU
		{EC08F805-12E8-4DF9-B0B7-6A8C8FED84E2}.Debug|Any CPU.Deploy.0 = Debug|Any CPU
		{EC08F805-12E8-4DF9-B0B7-6A8C8FED84E2}.Release|Any CPU.ActiveCfg = Release|Any CPU
		{EC08F805-12E8-4DF9-B0B7-6A8C8FED84E2}.Release|Any CPU.Build.0 = Release|Any CPU
		{EC08F805-12E8-4DF9-B0B7-6A8C8FED84E2}.Release|Any CPU.Deploy.0 = Release|Any CPU
		{B1FCDC80-2EB1-481F-9C5F-4764DB743B89}.Debug|Any CPU.ActiveCfg = Debug|Any CPU
		{B1FCDC80-2EB1-481F-9C5F-4764DB743B89}.Debug|Any CPU.Build.0 = Debug|Any CPU
		{B1FCDC80-2EB1-481F-9C5F-4764DB743B89}.Release|Any CPU.ActiveCfg = Release|Any CPU
		{B1FCDC80-2EB1-481F-9C5F-4764DB743B89}.Release|Any CPU.Build.0 = Release|Any CPU
		{DD29AEA6-26BB-4048-93EB-1F72FEF689D2}.Debug|Any CPU.ActiveCfg = Debug|Any CPU
		{DD29AEA6-26BB-4048-93EB-1F72FEF689D2}.Debug|Any CPU.Build.0 = Debug|Any CPU
		{DD29AEA6-26BB-4048-93EB-1F72FEF689D2}.Release|Any CPU.ActiveCfg = Release|Any CPU
		{DD29AEA6-26BB-4048-93EB-1F72FEF689D2}.Release|Any CPU.Build.0 = Release|Any CPU
		{AE0F1DE6-BE6F-4CA3-B519-9E0808DB211F}.Debug|Any CPU.ActiveCfg = Debug|Any CPU
		{AE0F1DE6-BE6F-4CA3-B519-9E0808DB211F}.Debug|Any CPU.Build.0 = Debug|Any CPU
		{AE0F1DE6-BE6F-4CA3-B519-9E0808DB211F}.Release|Any CPU.ActiveCfg = Release|Any CPU
		{AE0F1DE6-BE6F-4CA3-B519-9E0808DB211F}.Release|Any CPU.Build.0 = Release|Any CPU
		{BCADA828-12B1-4FD6-A628-20268AFD5BFA}.Debug|Any CPU.ActiveCfg = Debug|Any CPU
		{BCADA828-12B1-4FD6-A628-20268AFD5BFA}.Debug|Any CPU.Build.0 = Debug|Any CPU
		{BCADA828-12B1-4FD6-A628-20268AFD5BFA}.Release|Any CPU.ActiveCfg = Release|Any CPU
		{BCADA828-12B1-4FD6-A628-20268AFD5BFA}.Release|Any CPU.Build.0 = Release|Any CPU
		{C767B7FD-06E3-4082-A1BC-289F0FBD2101}.Debug|Any CPU.ActiveCfg = Debug|Any CPU
		{C767B7FD-06E3-4082-A1BC-289F0FBD2101}.Debug|Any CPU.Build.0 = Debug|Any CPU
		{C767B7FD-06E3-4082-A1BC-289F0FBD2101}.Debug|Any CPU.Deploy.0 = Debug|Any CPU
		{C767B7FD-06E3-4082-A1BC-289F0FBD2101}.Release|Any CPU.ActiveCfg = Release|Any CPU
		{C767B7FD-06E3-4082-A1BC-289F0FBD2101}.Release|Any CPU.Build.0 = Release|Any CPU
		{C767B7FD-06E3-4082-A1BC-289F0FBD2101}.Release|Any CPU.Deploy.0 = Release|Any CPU
	EndGlobalSection
	GlobalSection(SolutionProperties) = preSolution
		HideSolutionNode = FALSE
	EndGlobalSection
	GlobalSection(ExtensibilityGlobals) = postSolution
		SolutionGuid = {6972813C-D158-4A60-B1AA-F660A74C3DF2}
	EndGlobalSection
EndGlobal
